// !$*UTF8*$!
{
	archiveVersion = 1;
	classes = {
	};
	objectVersion = 56;
	objects = {

/* Begin PBXBuildFile section */
		C02322B62A6AB6BE004D78CC /* WithdrwalViewModel.swift in Sources */ = {isa = PBXBuildFile; fileRef = C02322B52A6AB6BE004D78CC /* WithdrwalViewModel.swift */; };
		C02322B82A6AC0D6004D78CC /* EditUserInfoViewModel.swift in Sources */ = {isa = PBXBuildFile; fileRef = C02322B72A6AC0D6004D78CC /* EditUserInfoViewModel.swift */; };
		C044E5A82A65698800A8B3C6 /* MyPageViewModel.swift in Sources */ = {isa = PBXBuildFile; fileRef = C044E5A72A65698800A8B3C6 /* MyPageViewModel.swift */; };
		C044E5AA2A66C1A800A8B3C6 /* SettingViewModel.swift in Sources */ = {isa = PBXBuildFile; fileRef = C044E5A92A66C1A800A8B3C6 /* SettingViewModel.swift */; };
		C059A2712A5A4B54005C0449 /* EditUserInfoViewController.swift in Sources */ = {isa = PBXBuildFile; fileRef = C059A2702A5A4B54005C0449 /* EditUserInfoViewController.swift */; };
		C059A2732A5AA995005C0449 /* UILabel+Extension.swift in Sources */ = {isa = PBXBuildFile; fileRef = C059A2722A5AA995005C0449 /* UILabel+Extension.swift */; };
		C07DF86D2A5943FA00CDC5CC /* MyPageViewController.swift in Sources */ = {isa = PBXBuildFile; fileRef = C07DF86C2A5943FA00CDC5CC /* MyPageViewController.swift */; };
		C07DF8742A59463E00CDC5CC /* SettingViewController.swift in Sources */ = {isa = PBXBuildFile; fileRef = C07DF8732A59463E00CDC5CC /* SettingViewController.swift */; };
		C07DF8762A5947C400CDC5CC /* CommonLabel.swift in Sources */ = {isa = PBXBuildFile; fileRef = C07DF8752A5947C400CDC5CC /* CommonLabel.swift */; };
		C07DF87E2A597A8600CDC5CC /* WithdrwalViewController.swift in Sources */ = {isa = PBXBuildFile; fileRef = C07DF87D2A597A8600CDC5CC /* WithdrwalViewController.swift */; };
		C07DF8842A59844400CDC5CC /* UIView+Extension.swift in Sources */ = {isa = PBXBuildFile; fileRef = C07DF8832A59844400CDC5CC /* UIView+Extension.swift */; };
		C086A08D2A62322000F1560D /* RxCocoa in Frameworks */ = {isa = PBXBuildFile; productRef = C086A08C2A62322000F1560D /* RxCocoa */; };
		C086A08F2A62322000F1560D /* RxSwift in Frameworks */ = {isa = PBXBuildFile; productRef = C086A08E2A62322000F1560D /* RxSwift */; };
		C0A5AFF32A6BE21A00C8248D /* UserInfoModel.swift in Sources */ = {isa = PBXBuildFile; fileRef = C0A5AFF22A6BE21A00C8248D /* UserInfoModel.swift */; };
		C0A5AFFB2A6CF2AE00C8248D /* RxGesture in Frameworks */ = {isa = PBXBuildFile; productRef = C0A5AFFA2A6CF2AE00C8248D /* RxGesture */; };
		C0C104E72A56DD5F00945BD6 /* UIFont+Extension.swift in Sources */ = {isa = PBXBuildFile; fileRef = C0C104E62A56DD5F00945BD6 /* UIFont+Extension.swift */; };
		F91E47802A53E3C9008E07A9 /* AppDelegate.swift in Sources */ = {isa = PBXBuildFile; fileRef = F91E477F2A53E3C9008E07A9 /* AppDelegate.swift */; };
		F91E47822A53E3C9008E07A9 /* SceneDelegate.swift in Sources */ = {isa = PBXBuildFile; fileRef = F91E47812A53E3C9008E07A9 /* SceneDelegate.swift */; };
		F91E47892A53E3CA008E07A9 /* Assets.xcassets in Resources */ = {isa = PBXBuildFile; fileRef = F91E47882A53E3CA008E07A9 /* Assets.xcassets */; };
		F91E478C2A53E3CA008E07A9 /* LaunchScreen.storyboard in Resources */ = {isa = PBXBuildFile; fileRef = F91E478A2A53E3CA008E07A9 /* LaunchScreen.storyboard */; };
		F91E47982A53EDFF008E07A9 /* SnapKit in Frameworks */ = {isa = PBXBuildFile; productRef = F91E47972A53EDFF008E07A9 /* SnapKit */; };
		F91E479B2A53EE31008E07A9 /* Kingfisher in Frameworks */ = {isa = PBXBuildFile; productRef = F91E479A2A53EE31008E07A9 /* Kingfisher */; };
		F91E47AA2A569128008E07A9 /* UIColor+Extension.swift in Sources */ = {isa = PBXBuildFile; fileRef = F91E47A92A569128008E07A9 /* UIColor+Extension.swift */; };
		F91E47AC2A569666008E07A9 /* empty.swift in Sources */ = {isa = PBXBuildFile; fileRef = F91E47AB2A569666008E07A9 /* empty.swift */; };
		F91E47AE2A569679008E07A9 /* empty1.swift in Sources */ = {isa = PBXBuildFile; fileRef = F91E47AD2A569678008E07A9 /* empty1.swift */; };
		F91E47B02A569681008E07A9 /* empty2.swift in Sources */ = {isa = PBXBuildFile; fileRef = F91E47AF2A569681008E07A9 /* empty2.swift */; };
		F91E47B22A56968E008E07A9 /* empty3.swift in Sources */ = {isa = PBXBuildFile; fileRef = F91E47B12A56968E008E07A9 /* empty3.swift */; };
		F91E47B42A569698008E07A9 /* empty4.swift in Sources */ = {isa = PBXBuildFile; fileRef = F91E47B32A569698008E07A9 /* empty4.swift */; };
		F9447DA32A76CA3100903C28 /* UIViewController + Extension.swift in Sources */ = {isa = PBXBuildFile; fileRef = F9D0CCA52A583456006D688C /* UIViewController + Extension.swift */; };
		F9447DA62A7795DF00903C28 /* PlantSearchViewModel.swift in Sources */ = {isa = PBXBuildFile; fileRef = F9447DA52A7795DF00903C28 /* PlantSearchViewModel.swift */; };
		F9447DA82A77A71700903C28 /* PlantSearchCollectionViewCell.swift in Sources */ = {isa = PBXBuildFile; fileRef = F9447DA72A77A71700903C28 /* PlantSearchCollectionViewCell.swift */; };
		F9447DAB2A78D26F00903C28 /* PoplularSearchModel.swift in Sources */ = {isa = PBXBuildFile; fileRef = F9447DAA2A78D26F00903C28 /* PoplularSearchModel.swift */; };
		F9447DAD2A78E52200903C28 /* PopularSearchTableViewCell.swift in Sources */ = {isa = PBXBuildFile; fileRef = F9447DAC2A78E52200903C28 /* PopularSearchTableViewCell.swift */; };
		F9A1FB1A2A619F2300F346DE /* RxMoya in Frameworks */ = {isa = PBXBuildFile; productRef = F9A1FB192A619F2300F346DE /* RxMoya */; };
		F9A1FB252A664F4300F346DE /* MainViewModel.swift in Sources */ = {isa = PBXBuildFile; fileRef = F9A1FB242A664F4300F346DE /* MainViewModel.swift */; };
		F9A1FB292A67B03400F346DE /* MainModel.swift in Sources */ = {isa = PBXBuildFile; fileRef = F9A1FB282A67B03400F346DE /* MainModel.swift */; };
		F9A1FB302A6E047A00F346DE /* Moya in Frameworks */ = {isa = PBXBuildFile; productRef = F9A1FB172A619F2300F346DE /* Moya */; };
		F9A1FB362A6E547300F346DE /* PlantSearchViewController.swift in Sources */ = {isa = PBXBuildFile; fileRef = F9A1FB352A6E547300F346DE /* PlantSearchViewController.swift */; };
		F9D0CCA22A583432006D688C /* MainTabBarController.swift in Sources */ = {isa = PBXBuildFile; fileRef = F9D0CCA12A583432006D688C /* MainTabBarController.swift */; };
		F9D0CCA42A583442006D688C /* MainViewController.swift in Sources */ = {isa = PBXBuildFile; fileRef = F9D0CCA32A583442006D688C /* MainViewController.swift */; };
		F9D0CCA82A584025006D688C /* MainMyPlaceCollectionViewCell.swift in Sources */ = {isa = PBXBuildFile; fileRef = F9D0CCA72A584025006D688C /* MainMyPlaceCollectionViewCell.swift */; };
		F9D0CCAA2A586208006D688C /* MainMyPlantCollectionViewCell.swift in Sources */ = {isa = PBXBuildFile; fileRef = F9D0CCA92A586208006D688C /* MainMyPlantCollectionViewCell.swift */; };
/* End PBXBuildFile section */

/* Begin PBXFileReference section */
		C02322B52A6AB6BE004D78CC /* WithdrwalViewModel.swift */ = {isa = PBXFileReference; lastKnownFileType = sourcecode.swift; path = WithdrwalViewModel.swift; sourceTree = "<group>"; };
		C02322B72A6AC0D6004D78CC /* EditUserInfoViewModel.swift */ = {isa = PBXFileReference; lastKnownFileType = sourcecode.swift; path = EditUserInfoViewModel.swift; sourceTree = "<group>"; };
		C044E5A72A65698800A8B3C6 /* MyPageViewModel.swift */ = {isa = PBXFileReference; lastKnownFileType = sourcecode.swift; path = MyPageViewModel.swift; sourceTree = "<group>"; };
		C044E5A92A66C1A800A8B3C6 /* SettingViewModel.swift */ = {isa = PBXFileReference; lastKnownFileType = sourcecode.swift; path = SettingViewModel.swift; sourceTree = "<group>"; };
		C059A2702A5A4B54005C0449 /* EditUserInfoViewController.swift */ = {isa = PBXFileReference; lastKnownFileType = sourcecode.swift; path = EditUserInfoViewController.swift; sourceTree = "<group>"; };
		C059A2722A5AA995005C0449 /* UILabel+Extension.swift */ = {isa = PBXFileReference; lastKnownFileType = sourcecode.swift; path = "UILabel+Extension.swift"; sourceTree = "<group>"; };
		C07DF86C2A5943FA00CDC5CC /* MyPageViewController.swift */ = {isa = PBXFileReference; lastKnownFileType = sourcecode.swift; path = MyPageViewController.swift; sourceTree = "<group>"; };
		C07DF8732A59463E00CDC5CC /* SettingViewController.swift */ = {isa = PBXFileReference; lastKnownFileType = sourcecode.swift; path = SettingViewController.swift; sourceTree = "<group>"; };
		C07DF8752A5947C400CDC5CC /* CommonLabel.swift */ = {isa = PBXFileReference; lastKnownFileType = sourcecode.swift; path = CommonLabel.swift; sourceTree = "<group>"; };
		C07DF87D2A597A8600CDC5CC /* WithdrwalViewController.swift */ = {isa = PBXFileReference; lastKnownFileType = sourcecode.swift; path = WithdrwalViewController.swift; sourceTree = "<group>"; };
		C07DF8832A59844400CDC5CC /* UIView+Extension.swift */ = {isa = PBXFileReference; lastKnownFileType = sourcecode.swift; path = "UIView+Extension.swift"; sourceTree = "<group>"; };
		C0A5AFF22A6BE21A00C8248D /* UserInfoModel.swift */ = {isa = PBXFileReference; lastKnownFileType = sourcecode.swift; path = UserInfoModel.swift; sourceTree = "<group>"; };
		C0C104E62A56DD5F00945BD6 /* UIFont+Extension.swift */ = {isa = PBXFileReference; lastKnownFileType = sourcecode.swift; path = "UIFont+Extension.swift"; sourceTree = "<group>"; };
		F91E477C2A53E3C9008E07A9 /* CommonPlant.app */ = {isa = PBXFileReference; explicitFileType = wrapper.application; includeInIndex = 0; path = CommonPlant.app; sourceTree = BUILT_PRODUCTS_DIR; };
		F91E477F2A53E3C9008E07A9 /* AppDelegate.swift */ = {isa = PBXFileReference; lastKnownFileType = sourcecode.swift; path = AppDelegate.swift; sourceTree = "<group>"; };
		F91E47812A53E3C9008E07A9 /* SceneDelegate.swift */ = {isa = PBXFileReference; lastKnownFileType = sourcecode.swift; path = SceneDelegate.swift; sourceTree = "<group>"; };
		F91E47882A53E3CA008E07A9 /* Assets.xcassets */ = {isa = PBXFileReference; lastKnownFileType = folder.assetcatalog; path = Assets.xcassets; sourceTree = "<group>"; };
		F91E478B2A53E3CA008E07A9 /* Base */ = {isa = PBXFileReference; lastKnownFileType = file.storyboard; name = Base; path = Base.lproj/LaunchScreen.storyboard; sourceTree = "<group>"; };
		F91E478D2A53E3CA008E07A9 /* Info.plist */ = {isa = PBXFileReference; lastKnownFileType = text.plist.xml; path = Info.plist; sourceTree = "<group>"; };
		F91E47A92A569128008E07A9 /* UIColor+Extension.swift */ = {isa = PBXFileReference; lastKnownFileType = sourcecode.swift; path = "UIColor+Extension.swift"; sourceTree = "<group>"; };
		F91E47AB2A569666008E07A9 /* empty.swift */ = {isa = PBXFileReference; lastKnownFileType = sourcecode.swift; path = empty.swift; sourceTree = "<group>"; };
		F91E47AD2A569678008E07A9 /* empty1.swift */ = {isa = PBXFileReference; lastKnownFileType = sourcecode.swift; path = empty1.swift; sourceTree = "<group>"; };
		F91E47AF2A569681008E07A9 /* empty2.swift */ = {isa = PBXFileReference; lastKnownFileType = sourcecode.swift; path = empty2.swift; sourceTree = "<group>"; };
		F91E47B12A56968E008E07A9 /* empty3.swift */ = {isa = PBXFileReference; lastKnownFileType = sourcecode.swift; path = empty3.swift; sourceTree = "<group>"; };
		F91E47B32A569698008E07A9 /* empty4.swift */ = {isa = PBXFileReference; lastKnownFileType = sourcecode.swift; path = empty4.swift; sourceTree = "<group>"; };
		F9447DA52A7795DF00903C28 /* PlantSearchViewModel.swift */ = {isa = PBXFileReference; lastKnownFileType = sourcecode.swift; path = PlantSearchViewModel.swift; sourceTree = "<group>"; };
		F9447DA72A77A71700903C28 /* PlantSearchCollectionViewCell.swift */ = {isa = PBXFileReference; lastKnownFileType = sourcecode.swift; path = PlantSearchCollectionViewCell.swift; sourceTree = "<group>"; };
		F9447DAA2A78D26F00903C28 /* PoplularSearchModel.swift */ = {isa = PBXFileReference; lastKnownFileType = sourcecode.swift; path = PoplularSearchModel.swift; sourceTree = "<group>"; };
		F9447DAC2A78E52200903C28 /* PopularSearchTableViewCell.swift */ = {isa = PBXFileReference; lastKnownFileType = sourcecode.swift; path = PopularSearchTableViewCell.swift; sourceTree = "<group>"; };
		F9A1FB242A664F4300F346DE /* MainViewModel.swift */ = {isa = PBXFileReference; lastKnownFileType = sourcecode.swift; path = MainViewModel.swift; sourceTree = "<group>"; };
		F9A1FB282A67B03400F346DE /* MainModel.swift */ = {isa = PBXFileReference; lastKnownFileType = sourcecode.swift; path = MainModel.swift; sourceTree = "<group>"; };
		F9A1FB352A6E547300F346DE /* PlantSearchViewController.swift */ = {isa = PBXFileReference; lastKnownFileType = sourcecode.swift; path = PlantSearchViewController.swift; sourceTree = "<group>"; };
		F9D0CCA12A583432006D688C /* MainTabBarController.swift */ = {isa = PBXFileReference; fileEncoding = 4; lastKnownFileType = sourcecode.swift; path = MainTabBarController.swift; sourceTree = "<group>"; };
		F9D0CCA32A583442006D688C /* MainViewController.swift */ = {isa = PBXFileReference; fileEncoding = 4; lastKnownFileType = sourcecode.swift; path = MainViewController.swift; sourceTree = "<group>"; };
		F9D0CCA52A583456006D688C /* UIViewController + Extension.swift */ = {isa = PBXFileReference; fileEncoding = 4; lastKnownFileType = sourcecode.swift; path = "UIViewController + Extension.swift"; sourceTree = "<group>"; };
		F9D0CCA72A584025006D688C /* MainMyPlaceCollectionViewCell.swift */ = {isa = PBXFileReference; lastKnownFileType = sourcecode.swift; path = MainMyPlaceCollectionViewCell.swift; sourceTree = "<group>"; };
		F9D0CCA92A586208006D688C /* MainMyPlantCollectionViewCell.swift */ = {isa = PBXFileReference; lastKnownFileType = sourcecode.swift; path = MainMyPlantCollectionViewCell.swift; sourceTree = "<group>"; };
/* End PBXFileReference section */

/* Begin PBXFrameworksBuildPhase section */
		F91E47792A53E3C9008E07A9 /* Frameworks */ = {
			isa = PBXFrameworksBuildPhase;
			buildActionMask = 2147483647;
			files = (
				F9A1FB302A6E047A00F346DE /* Moya in Frameworks */,
				F91E479B2A53EE31008E07A9 /* Kingfisher in Frameworks */,
				C086A08F2A62322000F1560D /* RxSwift in Frameworks */,
				C086A08D2A62322000F1560D /* RxCocoa in Frameworks */,
				C0A5AFFB2A6CF2AE00C8248D /* RxGesture in Frameworks */,
				F91E47982A53EDFF008E07A9 /* SnapKit in Frameworks */,
				F9A1FB1A2A619F2300F346DE /* RxMoya in Frameworks */,
			);
			runOnlyForDeploymentPostprocessing = 0;
		};
/* End PBXFrameworksBuildPhase section */

/* Begin PBXGroup section */
		C07DF86E2A59440400CDC5CC /* MyPage */ = {
			isa = PBXGroup;
			children = (
				C0A5AFF42A6BE22100C8248D /* Model */,
				C086A0902A6258D500F1560D /* ViewModel */,
				C07DF86F2A5944DE00CDC5CC /* View */,
			);
			path = MyPage;
			sourceTree = "<group>";
		};
		C07DF86F2A5944DE00CDC5CC /* View */ = {
			isa = PBXGroup;
			children = (
				C07DF86C2A5943FA00CDC5CC /* MyPageViewController.swift */,
				C07DF8732A59463E00CDC5CC /* SettingViewController.swift */,
				C07DF87D2A597A8600CDC5CC /* WithdrwalViewController.swift */,
				C059A2702A5A4B54005C0449 /* EditUserInfoViewController.swift */,
			);
			path = View;
			sourceTree = "<group>";
		};
		C07DF8782A59492A00CDC5CC /* UIComponents */ = {
			isa = PBXGroup;
			children = (
				C07DF8752A5947C400CDC5CC /* CommonLabel.swift */,
			);
			path = UIComponents;
			sourceTree = "<group>";
		};
		C086A0902A6258D500F1560D /* ViewModel */ = {
			isa = PBXGroup;
			children = (
				C044E5A72A65698800A8B3C6 /* MyPageViewModel.swift */,
				C044E5A92A66C1A800A8B3C6 /* SettingViewModel.swift */,
				C02322B52A6AB6BE004D78CC /* WithdrwalViewModel.swift */,
				C02322B72A6AC0D6004D78CC /* EditUserInfoViewModel.swift */,
			);
			path = ViewModel;
			sourceTree = "<group>";
		};
		C0A5AFF42A6BE22100C8248D /* Model */ = {
			isa = PBXGroup;
			children = (
				C0A5AFF22A6BE21A00C8248D /* UserInfoModel.swift */,
			);
			path = Model;
			sourceTree = "<group>";
		};
		F91E47732A53E3C8008E07A9 = {
			isa = PBXGroup;
			children = (
				F91E477E2A53E3C9008E07A9 /* CommonPlant */,
				F91E477D2A53E3C9008E07A9 /* Products */,
			);
			sourceTree = "<group>";
		};
		F91E477D2A53E3C9008E07A9 /* Products */ = {
			isa = PBXGroup;
			children = (
				F91E477C2A53E3C9008E07A9 /* CommonPlant.app */,
			);
			name = Products;
			sourceTree = "<group>";
		};
		F91E477E2A53E3C9008E07A9 /* CommonPlant */ = {
			isa = PBXGroup;
			children = (
				F91E479C2A53EF43008E07A9 /* Global */,
				F91E479E2A53EF76008E07A9 /* Network */,
				F91E479F2A53EF84008E07A9 /* Resource */,
				F91E47A12A53EFAC008E07A9 /* Screen */,
			);
			path = CommonPlant;
			sourceTree = "<group>";
		};
		F91E479C2A53EF43008E07A9 /* Global */ = {
			isa = PBXGroup;
			children = (
				C07DF8782A59492A00CDC5CC /* UIComponents */,
				F91E47A72A53F893008E07A9 /* Constraints */,
				F91E47A22A53F0B6008E07A9 /* Extensions */,
			);
			path = Global;
			sourceTree = "<group>";
		};
		F91E479E2A53EF76008E07A9 /* Network */ = {
			isa = PBXGroup;
			children = (
				F91E47A62A53F871008E07A9 /* Service */,
				F91E47A52A53F869008E07A9 /* DataModel */,
				F91E47A42A53F852008E07A9 /* API */,
				F91E47A32A53F84B008E07A9 /* Base */,
			);
			path = Network;
			sourceTree = "<group>";
		};
		F91E479F2A53EF84008E07A9 /* Resource */ = {
			isa = PBXGroup;
			children = (
				F91E47882A53E3CA008E07A9 /* Assets.xcassets */,
				F91E47A02A53EF91008E07A9 /* Supports */,
			);
			path = Resource;
			sourceTree = "<group>";
		};
		F91E47A02A53EF91008E07A9 /* Supports */ = {
			isa = PBXGroup;
			children = (
				F91E478D2A53E3CA008E07A9 /* Info.plist */,
				F91E477F2A53E3C9008E07A9 /* AppDelegate.swift */,
				F91E47812A53E3C9008E07A9 /* SceneDelegate.swift */,
			);
			path = Supports;
			sourceTree = "<group>";
		};
		F91E47A12A53EFAC008E07A9 /* Screen */ = {
			isa = PBXGroup;
			children = (
				F91E478A2A53E3CA008E07A9 /* LaunchScreen.storyboard */,
				F9D0CCA52A583456006D688C /* UIViewController + Extension.swift */,
				F9A1FB312A6E531300F346DE /* PlantSearch */,
				C07DF86E2A59440400CDC5CC /* MyPage */,
				F91E47A82A53F8B2008E07A9 /* Main */,
			);
			path = Screen;
			sourceTree = "<group>";
		};
		F91E47A22A53F0B6008E07A9 /* Extensions */ = {
			isa = PBXGroup;
			children = (
				F91E47A92A569128008E07A9 /* UIColor+Extension.swift */,
				C0C104E62A56DD5F00945BD6 /* UIFont+Extension.swift */,
				C07DF8832A59844400CDC5CC /* UIView+Extension.swift */,
				C059A2722A5AA995005C0449 /* UILabel+Extension.swift */,
			);
			path = Extensions;
			sourceTree = "<group>";
		};
		F91E47A32A53F84B008E07A9 /* Base */ = {
			isa = PBXGroup;
			children = (
				F91E47B32A569698008E07A9 /* empty4.swift */,
			);
			path = Base;
			sourceTree = "<group>";
		};
		F91E47A42A53F852008E07A9 /* API */ = {
			isa = PBXGroup;
			children = (
				F91E47B12A56968E008E07A9 /* empty3.swift */,
			);
			path = API;
			sourceTree = "<group>";
		};
		F91E47A52A53F869008E07A9 /* DataModel */ = {
			isa = PBXGroup;
			children = (
				F91E47AF2A569681008E07A9 /* empty2.swift */,
			);
			path = DataModel;
			sourceTree = "<group>";
		};
		F91E47A62A53F871008E07A9 /* Service */ = {
			isa = PBXGroup;
			children = (
				F91E47AD2A569678008E07A9 /* empty1.swift */,
			);
			path = Service;
			sourceTree = "<group>";
		};
		F91E47A72A53F893008E07A9 /* Constraints */ = {
			isa = PBXGroup;
			children = (
				F91E47AB2A569666008E07A9 /* empty.swift */,
			);
			path = Constraints;
			sourceTree = "<group>";
		};
		F91E47A82A53F8B2008E07A9 /* Main */ = {
			isa = PBXGroup;
			children = (
				F9A1FB262A665E5C00F346DE /* Model */,
				F9A1FB212A650B8300F346DE /* ViewModel */,
				F9D0CCB12A5BB635006D688C /* ViewController */,
			);
			path = Main;
			sourceTree = "<group>";
		};
		F9A1FB212A650B8300F346DE /* ViewModel */ = {
			isa = PBXGroup;
			children = (
				F9A1FB242A664F4300F346DE /* MainViewModel.swift */,
			);
			path = ViewModel;
			sourceTree = "<group>";
		};
		F9A1FB262A665E5C00F346DE /* Model */ = {
			isa = PBXGroup;
			children = (
				F9A1FB282A67B03400F346DE /* MainModel.swift */,
			);
			path = Model;
			sourceTree = "<group>";
		};
		F9A1FB312A6E531300F346DE /* PlantSearch */ = {
			isa = PBXGroup;
			children = (
				F9A1FB342A6E533500F346DE /* Model */,
				F9A1FB332A6E532E00F346DE /* ViewModel */,
				F9A1FB322A6E532800F346DE /* ViewController */,
			);
			path = PlantSearch;
			sourceTree = "<group>";
		};
		F9A1FB322A6E532800F346DE /* ViewController */ = {
			isa = PBXGroup;
			children = (
				F9A1FB352A6E547300F346DE /* PlantSearchViewController.swift */,
				F9447DA72A77A71700903C28 /* PlantSearchCollectionViewCell.swift */,
				F9447DAC2A78E52200903C28 /* PopularSearchTableViewCell.swift */,
			);
			path = ViewController;
			sourceTree = "<group>";
		};
		F9A1FB332A6E532E00F346DE /* ViewModel */ = {
			isa = PBXGroup;
			children = (
				F9447DA52A7795DF00903C28 /* PlantSearchViewModel.swift */,
			);
			path = ViewModel;
			sourceTree = "<group>";
		};
		F9A1FB342A6E533500F346DE /* Model */ = {
			isa = PBXGroup;
			children = (
				F9447DAA2A78D26F00903C28 /* PoplularSearchModel.swift */,
			);
			path = Model;
			sourceTree = "<group>";
		};
		F9D0CCB12A5BB635006D688C /* ViewController */ = {
			isa = PBXGroup;
			children = (
				F9D0CCA12A583432006D688C /* MainTabBarController.swift */,
				F9D0CCA32A583442006D688C /* MainViewController.swift */,
				F9D0CCA92A586208006D688C /* MainMyPlantCollectionViewCell.swift */,
				F9D0CCA72A584025006D688C /* MainMyPlaceCollectionViewCell.swift */,
			);
			path = ViewController;
			sourceTree = "<group>";
		};
/* End PBXGroup section */

/* Begin PBXNativeTarget section */
		F91E477B2A53E3C9008E07A9 /* CommonPlant */ = {
			isa = PBXNativeTarget;
			buildConfigurationList = F91E47902A53E3CA008E07A9 /* Build configuration list for PBXNativeTarget "CommonPlant" */;
			buildPhases = (
				F91E47782A53E3C9008E07A9 /* Sources */,
				F91E47792A53E3C9008E07A9 /* Frameworks */,
				F91E477A2A53E3C9008E07A9 /* Resources */,
			);
			buildRules = (
			);
			dependencies = (
			);
			name = CommonPlant;
			packageProductDependencies = (
				F91E47972A53EDFF008E07A9 /* SnapKit */,
				F91E479A2A53EE31008E07A9 /* Kingfisher */,
				F9A1FB172A619F2300F346DE /* Moya */,
				F9A1FB192A619F2300F346DE /* RxMoya */,
				C086A08C2A62322000F1560D /* RxCocoa */,
				C086A08E2A62322000F1560D /* RxSwift */,
				C0A5AFFA2A6CF2AE00C8248D /* RxGesture */,
			);
			productName = CommonPlant;
			productReference = F91E477C2A53E3C9008E07A9 /* CommonPlant.app */;
			productType = "com.apple.product-type.application";
		};
/* End PBXNativeTarget section */

/* Begin PBXProject section */
		F91E47742A53E3C8008E07A9 /* Project object */ = {
			isa = PBXProject;
			attributes = {
				BuildIndependentTargetsInParallel = 1;
				LastSwiftUpdateCheck = 1430;
				LastUpgradeCheck = 1430;
				TargetAttributes = {
					F91E477B2A53E3C9008E07A9 = {
						CreatedOnToolsVersion = 14.3.1;
					};
				};
			};
			buildConfigurationList = F91E47772A53E3C8008E07A9 /* Build configuration list for PBXProject "CommonPlant" */;
			compatibilityVersion = "Xcode 14.0";
			developmentRegion = en;
			hasScannedForEncodings = 0;
			knownRegions = (
				en,
				Base,
			);
			mainGroup = F91E47732A53E3C8008E07A9;
			packageReferences = (
				F91E47962A53EDFF008E07A9 /* XCRemoteSwiftPackageReference "SnapKit" */,
				F91E47992A53EE31008E07A9 /* XCRemoteSwiftPackageReference "Kingfisher" */,
				F9A1FB162A619F2300F346DE /* XCRemoteSwiftPackageReference "Moya" */,
				C086A08B2A62322000F1560D /* XCRemoteSwiftPackageReference "RxSwift" */,
				C0A5AFF92A6CF2AE00C8248D /* XCRemoteSwiftPackageReference "RxGesture" */,
			);
			productRefGroup = F91E477D2A53E3C9008E07A9 /* Products */;
			projectDirPath = "";
			projectRoot = "";
			targets = (
				F91E477B2A53E3C9008E07A9 /* CommonPlant */,
			);
		};
/* End PBXProject section */

/* Begin PBXResourcesBuildPhase section */
		F91E477A2A53E3C9008E07A9 /* Resources */ = {
			isa = PBXResourcesBuildPhase;
			buildActionMask = 2147483647;
			files = (
				F91E478C2A53E3CA008E07A9 /* LaunchScreen.storyboard in Resources */,
				F91E47892A53E3CA008E07A9 /* Assets.xcassets in Resources */,
			);
			runOnlyForDeploymentPostprocessing = 0;
		};
/* End PBXResourcesBuildPhase section */

/* Begin PBXSourcesBuildPhase section */
		F91E47782A53E3C9008E07A9 /* Sources */ = {
			isa = PBXSourcesBuildPhase;
			buildActionMask = 2147483647;
			files = (
				F9A1FB362A6E547300F346DE /* PlantSearchViewController.swift in Sources */,
				C0A5AFF32A6BE21A00C8248D /* UserInfoModel.swift in Sources */,
				F9D0CCA42A583442006D688C /* MainViewController.swift in Sources */,
				F9447DA32A76CA3100903C28 /* UIViewController + Extension.swift in Sources */,
				F91E47B22A56968E008E07A9 /* empty3.swift in Sources */,
				F9D0CCA22A583432006D688C /* MainTabBarController.swift in Sources */,
				F91E47AC2A569666008E07A9 /* empty.swift in Sources */,
				F91E47B42A569698008E07A9 /* empty4.swift in Sources */,
				F9A1FB252A664F4300F346DE /* MainViewModel.swift in Sources */,
				F9A1FB292A67B03400F346DE /* MainModel.swift in Sources */,
				C07DF8842A59844400CDC5CC /* UIView+Extension.swift in Sources */,
				C02322B82A6AC0D6004D78CC /* EditUserInfoViewModel.swift in Sources */,
				F91E47AC2A569666008E07A9 /* empty.swift in Sources */,
				F9447DAD2A78E52200903C28 /* PopularSearchTableViewCell.swift in Sources */,
				F91E47B42A569698008E07A9 /* empty4.swift in Sources */,
				C059A2712A5A4B54005C0449 /* EditUserInfoViewController.swift in Sources */,
				F91E47802A53E3C9008E07A9 /* AppDelegate.swift in Sources */,
				F91E47AE2A569679008E07A9 /* empty1.swift in Sources */,
				F9447DA82A77A71700903C28 /* PlantSearchCollectionViewCell.swift in Sources */,
				C059A2732A5AA995005C0449 /* UILabel+Extension.swift in Sources */,
				C02322B62A6AB6BE004D78CC /* WithdrwalViewModel.swift in Sources */,
				F9447DAB2A78D26F00903C28 /* PoplularSearchModel.swift in Sources */,
				C07DF86D2A5943FA00CDC5CC /* MyPageViewController.swift in Sources */,
				C07DF8742A59463E00CDC5CC /* SettingViewController.swift in Sources */,
				C07DF8762A5947C400CDC5CC /* CommonLabel.swift in Sources */,
				F9447DA62A7795DF00903C28 /* PlantSearchViewModel.swift in Sources */,
				F91E47822A53E3C9008E07A9 /* SceneDelegate.swift in Sources */,
				F9D0CCA82A584025006D688C /* MainMyPlaceCollectionViewCell.swift in Sources */,
				F91E47B02A569681008E07A9 /* empty2.swift in Sources */,
				C044E5A82A65698800A8B3C6 /* MyPageViewModel.swift in Sources */,
				C0C104E72A56DD5F00945BD6 /* UIFont+Extension.swift in Sources */,
				C07DF87E2A597A8600CDC5CC /* WithdrwalViewController.swift in Sources */,
				C044E5AA2A66C1A800A8B3C6 /* SettingViewModel.swift in Sources */,
				F91E47AA2A569128008E07A9 /* UIColor+Extension.swift in Sources */,
				F9D0CCAA2A586208006D688C /* MainMyPlantCollectionViewCell.swift in Sources */,
			);
			runOnlyForDeploymentPostprocessing = 0;
		};
/* End PBXSourcesBuildPhase section */

/* Begin PBXVariantGroup section */
		F91E478A2A53E3CA008E07A9 /* LaunchScreen.storyboard */ = {
			isa = PBXVariantGroup;
			children = (
				F91E478B2A53E3CA008E07A9 /* Base */,
			);
			name = LaunchScreen.storyboard;
			sourceTree = "<group>";
		};
/* End PBXVariantGroup section */

/* Begin XCBuildConfiguration section */
		F91E478E2A53E3CA008E07A9 /* Debug */ = {
			isa = XCBuildConfiguration;
			buildSettings = {
				ALWAYS_SEARCH_USER_PATHS = NO;
				CLANG_ANALYZER_NONNULL = YES;
				CLANG_ANALYZER_NUMBER_OBJECT_CONVERSION = YES_AGGRESSIVE;
				CLANG_CXX_LANGUAGE_STANDARD = "gnu++20";
				CLANG_ENABLE_MODULES = YES;
				CLANG_ENABLE_OBJC_ARC = YES;
				CLANG_ENABLE_OBJC_WEAK = YES;
				CLANG_WARN_BLOCK_CAPTURE_AUTORELEASING = YES;
				CLANG_WARN_BOOL_CONVERSION = YES;
				CLANG_WARN_COMMA = YES;
				CLANG_WARN_CONSTANT_CONVERSION = YES;
				CLANG_WARN_DEPRECATED_OBJC_IMPLEMENTATIONS = YES;
				CLANG_WARN_DIRECT_OBJC_ISA_USAGE = YES_ERROR;
				CLANG_WARN_DOCUMENTATION_COMMENTS = YES;
				CLANG_WARN_EMPTY_BODY = YES;
				CLANG_WARN_ENUM_CONVERSION = YES;
				CLANG_WARN_INFINITE_RECURSION = YES;
				CLANG_WARN_INT_CONVERSION = YES;
				CLANG_WARN_NON_LITERAL_NULL_CONVERSION = YES;
				CLANG_WARN_OBJC_IMPLICIT_RETAIN_SELF = YES;
				CLANG_WARN_OBJC_LITERAL_CONVERSION = YES;
				CLANG_WARN_OBJC_ROOT_CLASS = YES_ERROR;
				CLANG_WARN_QUOTED_INCLUDE_IN_FRAMEWORK_HEADER = YES;
				CLANG_WARN_RANGE_LOOP_ANALYSIS = YES;
				CLANG_WARN_STRICT_PROTOTYPES = YES;
				CLANG_WARN_SUSPICIOUS_MOVE = YES;
				CLANG_WARN_UNGUARDED_AVAILABILITY = YES_AGGRESSIVE;
				CLANG_WARN_UNREACHABLE_CODE = YES;
				CLANG_WARN__DUPLICATE_METHOD_MATCH = YES;
				COPY_PHASE_STRIP = NO;
				DEBUG_INFORMATION_FORMAT = dwarf;
				ENABLE_STRICT_OBJC_MSGSEND = YES;
				ENABLE_TESTABILITY = YES;
				GCC_C_LANGUAGE_STANDARD = gnu11;
				GCC_DYNAMIC_NO_PIC = NO;
				GCC_NO_COMMON_BLOCKS = YES;
				GCC_OPTIMIZATION_LEVEL = 0;
				GCC_PREPROCESSOR_DEFINITIONS = (
					"DEBUG=1",
					"$(inherited)",
				);
				GCC_WARN_64_TO_32_BIT_CONVERSION = YES;
				GCC_WARN_ABOUT_RETURN_TYPE = YES_ERROR;
				GCC_WARN_UNDECLARED_SELECTOR = YES;
				GCC_WARN_UNINITIALIZED_AUTOS = YES_AGGRESSIVE;
				GCC_WARN_UNUSED_FUNCTION = YES;
				GCC_WARN_UNUSED_VARIABLE = YES;
				IPHONEOS_DEPLOYMENT_TARGET = 15.0;
				MTL_ENABLE_DEBUG_INFO = INCLUDE_SOURCE;
				MTL_FAST_MATH = YES;
				ONLY_ACTIVE_ARCH = YES;
				SDKROOT = iphoneos;
				SWIFT_ACTIVE_COMPILATION_CONDITIONS = DEBUG;
				SWIFT_OPTIMIZATION_LEVEL = "-Onone";
			};
			name = Debug;
		};
		F91E478F2A53E3CA008E07A9 /* Release */ = {
			isa = XCBuildConfiguration;
			buildSettings = {
				ALWAYS_SEARCH_USER_PATHS = NO;
				CLANG_ANALYZER_NONNULL = YES;
				CLANG_ANALYZER_NUMBER_OBJECT_CONVERSION = YES_AGGRESSIVE;
				CLANG_CXX_LANGUAGE_STANDARD = "gnu++20";
				CLANG_ENABLE_MODULES = YES;
				CLANG_ENABLE_OBJC_ARC = YES;
				CLANG_ENABLE_OBJC_WEAK = YES;
				CLANG_WARN_BLOCK_CAPTURE_AUTORELEASING = YES;
				CLANG_WARN_BOOL_CONVERSION = YES;
				CLANG_WARN_COMMA = YES;
				CLANG_WARN_CONSTANT_CONVERSION = YES;
				CLANG_WARN_DEPRECATED_OBJC_IMPLEMENTATIONS = YES;
				CLANG_WARN_DIRECT_OBJC_ISA_USAGE = YES_ERROR;
				CLANG_WARN_DOCUMENTATION_COMMENTS = YES;
				CLANG_WARN_EMPTY_BODY = YES;
				CLANG_WARN_ENUM_CONVERSION = YES;
				CLANG_WARN_INFINITE_RECURSION = YES;
				CLANG_WARN_INT_CONVERSION = YES;
				CLANG_WARN_NON_LITERAL_NULL_CONVERSION = YES;
				CLANG_WARN_OBJC_IMPLICIT_RETAIN_SELF = YES;
				CLANG_WARN_OBJC_LITERAL_CONVERSION = YES;
				CLANG_WARN_OBJC_ROOT_CLASS = YES_ERROR;
				CLANG_WARN_QUOTED_INCLUDE_IN_FRAMEWORK_HEADER = YES;
				CLANG_WARN_RANGE_LOOP_ANALYSIS = YES;
				CLANG_WARN_STRICT_PROTOTYPES = YES;
				CLANG_WARN_SUSPICIOUS_MOVE = YES;
				CLANG_WARN_UNGUARDED_AVAILABILITY = YES_AGGRESSIVE;
				CLANG_WARN_UNREACHABLE_CODE = YES;
				CLANG_WARN__DUPLICATE_METHOD_MATCH = YES;
				COPY_PHASE_STRIP = NO;
				DEBUG_INFORMATION_FORMAT = "dwarf-with-dsym";
				ENABLE_NS_ASSERTIONS = NO;
				ENABLE_STRICT_OBJC_MSGSEND = YES;
				GCC_C_LANGUAGE_STANDARD = gnu11;
				GCC_NO_COMMON_BLOCKS = YES;
				GCC_WARN_64_TO_32_BIT_CONVERSION = YES;
				GCC_WARN_ABOUT_RETURN_TYPE = YES_ERROR;
				GCC_WARN_UNDECLARED_SELECTOR = YES;
				GCC_WARN_UNINITIALIZED_AUTOS = YES_AGGRESSIVE;
				GCC_WARN_UNUSED_FUNCTION = YES;
				GCC_WARN_UNUSED_VARIABLE = YES;
				IPHONEOS_DEPLOYMENT_TARGET = 15.0;
				MTL_ENABLE_DEBUG_INFO = NO;
				MTL_FAST_MATH = YES;
				SDKROOT = iphoneos;
				SWIFT_COMPILATION_MODE = wholemodule;
				SWIFT_OPTIMIZATION_LEVEL = "-O";
				VALIDATE_PRODUCT = YES;
			};
			name = Release;
		};
		F91E47912A53E3CA008E07A9 /* Debug */ = {
			isa = XCBuildConfiguration;
			buildSettings = {
				ASSETCATALOG_COMPILER_APPICON_NAME = AppIcon;
				ASSETCATALOG_COMPILER_GLOBAL_ACCENT_COLOR_NAME = AccentColor;
				CODE_SIGN_STYLE = Automatic;
				CURRENT_PROJECT_VERSION = 1;
				DEVELOPMENT_TEAM = 9HP6SS4WYV;
				GENERATE_INFOPLIST_FILE = YES;
				INFOPLIST_FILE = CommonPlant/Resource/Supports/Info.plist;
				INFOPLIST_KEY_UIApplicationSupportsIndirectInputEvents = YES;
				INFOPLIST_KEY_UILaunchStoryboardName = LaunchScreen;
				INFOPLIST_KEY_UISupportedInterfaceOrientations_iPad = "UIInterfaceOrientationPortrait UIInterfaceOrientationPortraitUpsideDown UIInterfaceOrientationLandscapeLeft UIInterfaceOrientationLandscapeRight";
				INFOPLIST_KEY_UISupportedInterfaceOrientations_iPhone = "UIInterfaceOrientationPortrait UIInterfaceOrientationLandscapeLeft UIInterfaceOrientationLandscapeRight";
				IPHONEOS_DEPLOYMENT_TARGET = 15.0;
				LD_RUNPATH_SEARCH_PATHS = (
					"$(inherited)",
					"@executable_path/Frameworks",
				);
				MARKETING_VERSION = 1.0;
				PRODUCT_BUNDLE_IDENTIFIER = com.yaewon.CommonPlant;
				PRODUCT_NAME = "$(TARGET_NAME)";
				SUPPORTED_PLATFORMS = "iphoneos iphonesimulator";
				SUPPORTS_MACCATALYST = NO;
				SUPPORTS_MAC_DESIGNED_FOR_IPHONE_IPAD = NO;
				SWIFT_EMIT_LOC_STRINGS = YES;
				SWIFT_VERSION = 5.0;
				TARGETED_DEVICE_FAMILY = "1,2";
			};
			name = Debug;
		};
		F91E47922A53E3CA008E07A9 /* Release */ = {
			isa = XCBuildConfiguration;
			buildSettings = {
				ASSETCATALOG_COMPILER_APPICON_NAME = AppIcon;
				ASSETCATALOG_COMPILER_GLOBAL_ACCENT_COLOR_NAME = AccentColor;
				CODE_SIGN_STYLE = Automatic;
				CURRENT_PROJECT_VERSION = 1;
				DEVELOPMENT_TEAM = 9HP6SS4WYV;
				GENERATE_INFOPLIST_FILE = YES;
				INFOPLIST_FILE = CommonPlant/Resource/Supports/Info.plist;
				INFOPLIST_KEY_UIApplicationSupportsIndirectInputEvents = YES;
				INFOPLIST_KEY_UILaunchStoryboardName = LaunchScreen;
				INFOPLIST_KEY_UISupportedInterfaceOrientations_iPad = "UIInterfaceOrientationPortrait UIInterfaceOrientationPortraitUpsideDown UIInterfaceOrientationLandscapeLeft UIInterfaceOrientationLandscapeRight";
				INFOPLIST_KEY_UISupportedInterfaceOrientations_iPhone = "UIInterfaceOrientationPortrait UIInterfaceOrientationLandscapeLeft UIInterfaceOrientationLandscapeRight";
				IPHONEOS_DEPLOYMENT_TARGET = 15.0;
				LD_RUNPATH_SEARCH_PATHS = (
					"$(inherited)",
					"@executable_path/Frameworks",
				);
				MARKETING_VERSION = 1.0;
				PRODUCT_BUNDLE_IDENTIFIER = com.yaewon.CommonPlant;
				PRODUCT_NAME = "$(TARGET_NAME)";
				SUPPORTED_PLATFORMS = "iphoneos iphonesimulator";
				SUPPORTS_MACCATALYST = NO;
				SUPPORTS_MAC_DESIGNED_FOR_IPHONE_IPAD = NO;
				SWIFT_EMIT_LOC_STRINGS = YES;
				SWIFT_VERSION = 5.0;
				TARGETED_DEVICE_FAMILY = "1,2";
			};
			name = Release;
		};
/* End XCBuildConfiguration section */

/* Begin XCConfigurationList section */
		F91E47772A53E3C8008E07A9 /* Build configuration list for PBXProject "CommonPlant" */ = {
			isa = XCConfigurationList;
			buildConfigurations = (
				F91E478E2A53E3CA008E07A9 /* Debug */,
				F91E478F2A53E3CA008E07A9 /* Release */,
			);
			defaultConfigurationIsVisible = 0;
			defaultConfigurationName = Release;
		};
		F91E47902A53E3CA008E07A9 /* Build configuration list for PBXNativeTarget "CommonPlant" */ = {
			isa = XCConfigurationList;
			buildConfigurations = (
				F91E47912A53E3CA008E07A9 /* Debug */,
				F91E47922A53E3CA008E07A9 /* Release */,
			);
			defaultConfigurationIsVisible = 0;
			defaultConfigurationName = Release;
		};
/* End XCConfigurationList section */

/* Begin XCRemoteSwiftPackageReference section */
		C086A08B2A62322000F1560D /* XCRemoteSwiftPackageReference "RxSwift" */ = {
			isa = XCRemoteSwiftPackageReference;
			repositoryURL = "https://github.com/ReactiveX/RxSwift.git";
			requirement = {
				kind = upToNextMajorVersion;
				minimumVersion = 6.0.0;
			};
		};
		C0A5AFF92A6CF2AE00C8248D /* XCRemoteSwiftPackageReference "RxGesture" */ = {
			isa = XCRemoteSwiftPackageReference;
			repositoryURL = "https://github.com/RxSwiftCommunity/RxGesture.git";
			requirement = {
				kind = upToNextMajorVersion;
				minimumVersion = 4.0.0;
			};
		};
		F91E47962A53EDFF008E07A9 /* XCRemoteSwiftPackageReference "SnapKit" */ = {
			isa = XCRemoteSwiftPackageReference;
			repositoryURL = "https://github.com/SnapKit/SnapKit.git";
			requirement = {
				kind = upToNextMajorVersion;
				minimumVersion = 5.0.0;
			};
		};
		F91E47992A53EE31008E07A9 /* XCRemoteSwiftPackageReference "Kingfisher" */ = {
			isa = XCRemoteSwiftPackageReference;
			repositoryURL = "https://github.com/onevcat/Kingfisher";
			requirement = {
				kind = upToNextMajorVersion;
				minimumVersion = 7.0.0;
			};
		};
		F9A1FB162A619F2300F346DE /* XCRemoteSwiftPackageReference "Moya" */ = {
			isa = XCRemoteSwiftPackageReference;
			repositoryURL = "https://github.com/Moya/Moya.git";
			requirement = {
				kind = upToNextMajorVersion;
				minimumVersion = 15.0.0;
			};
		};
/* End XCRemoteSwiftPackageReference section */

/* Begin XCSwiftPackageProductDependency section */
		C086A08C2A62322000F1560D /* RxCocoa */ = {
			isa = XCSwiftPackageProductDependency;
			package = C086A08B2A62322000F1560D /* XCRemoteSwiftPackageReference "RxSwift" */;
			productName = RxCocoa;
		};
		C086A08E2A62322000F1560D /* RxSwift */ = {
			isa = XCSwiftPackageProductDependency;
			package = C086A08B2A62322000F1560D /* XCRemoteSwiftPackageReference "RxSwift" */;
			productName = RxSwift;
		};
		C0A5AFFA2A6CF2AE00C8248D /* RxGesture */ = {
			isa = XCSwiftPackageProductDependency;
			package = C0A5AFF92A6CF2AE00C8248D /* XCRemoteSwiftPackageReference "RxGesture" */;
			productName = RxGesture;
		};
		F91E47972A53EDFF008E07A9 /* SnapKit */ = {
			isa = XCSwiftPackageProductDependency;
			package = F91E47962A53EDFF008E07A9 /* XCRemoteSwiftPackageReference "SnapKit" */;
			productName = SnapKit;
		};
		F91E479A2A53EE31008E07A9 /* Kingfisher */ = {
			isa = XCSwiftPackageProductDependency;
			package = F91E47992A53EE31008E07A9 /* XCRemoteSwiftPackageReference "Kingfisher" */;
			productName = Kingfisher;
		};
		F9A1FB172A619F2300F346DE /* Moya */ = {
			isa = XCSwiftPackageProductDependency;
			package = F9A1FB162A619F2300F346DE /* XCRemoteSwiftPackageReference "Moya" */;
			productName = Moya;
		};
		F9A1FB192A619F2300F346DE /* RxMoya */ = {
			isa = XCSwiftPackageProductDependency;
			package = F9A1FB162A619F2300F346DE /* XCRemoteSwiftPackageReference "Moya" */;
			productName = RxMoya;
		};
/* End XCSwiftPackageProductDependency section */
	};
	rootObject = F91E47742A53E3C8008E07A9 /* Project object */;
}
